
Microsoft Visual Studio Solution File, Format Version 12.00
# Visual Studio Version 17
VisualStudioVersion = 17.2.32630.192
MinimumVisualStudioVersion = 10.0.40219.1
Project("{9A19103F-16F7-4668-BE54-9A1E7A4F7556}") = "CShidori", "CShidori.csproj", "{BFAFC496-60C0-4AA6-89C8-1ACDBCE94DC1}"
EndProject
Project("{FAE04EC0-301F-11D3-BF4B-00C04F79EFBC}") = "CShidoriTests", "..\CShidoriTests\CShidoriTests.csproj", "{16DD6CF4-EF4A-4032-AEDD-F9E4291190CE}"
EndProject
Global
	GlobalSection(SolutionConfigurationPlatforms) = preSolution
		Debug|Any CPU = Debug|Any CPU
		Release|Any CPU = Release|Any CPU
	EndGlobalSection
	GlobalSection(ProjectConfigurationPlatforms) = postSolution
		{BFAFC496-60C0-4AA6-89C8-1ACDBCE94DC1}.Debug|Any CPU.ActiveCfg = Debug|Any CPU
		{BFAFC496-60C0-4AA6-89C8-1ACDBCE94DC1}.Debug|Any CPU.Build.0 = Debug|Any CPU
		{BFAFC496-60C0-4AA6-89C8-1ACDBCE94DC1}.Release|Any CPU.ActiveCfg = Release|Any CPU
		{BFAFC496-60C0-4AA6-89C8-1ACDBCE94DC1}.Release|Any CPU.Build.0 = Release|Any CPU
		{16DD6CF4-EF4A-4032-AEDD-F9E4291190CE}.Debug|Any CPU.ActiveCfg = Debug|Any CPU
		{16DD6CF4-EF4A-4032-AEDD-F9E4291190CE}.Debug|Any CPU.Build.0 = Debug|Any CPU
		{16DD6CF4-EF4A-4032-AEDD-F9E4291190CE}.Release|Any CPU.ActiveCfg = Release|Any CPU
		{16DD6CF4-EF4A-4032-AEDD-F9E4291190CE}.Release|Any CPU.Build.0 = Release|Any CPU
	EndGlobalSection
	GlobalSection(SolutionProperties) = preSolution
		HideSolutionNode = FALSE
	EndGlobalSection
	GlobalSection(ExtensibilityGlobals) = postSolution
		SolutionGuid = {91D5AF91-674D-4E60-98F5-CC1CF65C4BD4}
	EndGlobalSection
EndGlobal
